// !$*UTF8*$!
{
	archiveVersion = 1;
	classes = {
	};
	objectVersion = 46;
	objects = {

/* Begin PBXBuildFile section */
		ACD0D2061B032BA90013DAA3 /* Date.swift in Sources */ = {isa = PBXBuildFile; fileRef = ACD0D2051B032BA90013DAA3 /* Date.swift */; };
		ACD0D2081B03D2D00013DAA3 /* AddTaskViewController.swift in Sources */ = {isa = PBXBuildFile; fileRef = ACD0D2071B03D2D00013DAA3 /* AddTaskViewController.swift */; };
		ACE629581AFEBFFE00214D91 /* AppDelegate.swift in Sources */ = {isa = PBXBuildFile; fileRef = ACE629571AFEBFFE00214D91 /* AppDelegate.swift */; };
		ACE6295A1AFEBFFE00214D91 /* ViewController.swift in Sources */ = {isa = PBXBuildFile; fileRef = ACE629591AFEBFFE00214D91 /* ViewController.swift */; };
		ACE6295D1AFEBFFE00214D91 /* Main.storyboard in Resources */ = {isa = PBXBuildFile; fileRef = ACE6295B1AFEBFFE00214D91 /* Main.storyboard */; };
		ACE6295F1AFEBFFE00214D91 /* Images.xcassets in Resources */ = {isa = PBXBuildFile; fileRef = ACE6295E1AFEBFFE00214D91 /* Images.xcassets */; };
		ACE629621AFEBFFE00214D91 /* LaunchScreen.xib in Resources */ = {isa = PBXBuildFile; fileRef = ACE629601AFEBFFE00214D91 /* LaunchScreen.xib */; };
		ACE6296E1AFEBFFE00214D91 /* TaskItTests.swift in Sources */ = {isa = PBXBuildFile; fileRef = ACE6296D1AFEBFFE00214D91 /* TaskItTests.swift */; };
		ACE6297A1AFF07A500214D91 /* TaskCell.swift in Sources */ = {isa = PBXBuildFile; fileRef = ACE629791AFF07A500214D91 /* TaskCell.swift */; };
		ACE6297C1B0147E000214D91 /* TaskModel.swift in Sources */ = {isa = PBXBuildFile; fileRef = ACE6297B1B0147E000214D91 /* TaskModel.swift */; };
		ACE6297E1B014AAC00214D91 /* TaskDetailViewController.swift in Sources */ = {isa = PBXBuildFile; fileRef = ACE6297D1B014AAC00214D91 /* TaskDetailViewController.swift */; };
/* End PBXBuildFile section */

/* Begin PBXContainerItemProxy section */
		ACE629681AFEBFFE00214D91 /* PBXContainerItemProxy */ = {
			isa = PBXContainerItemProxy;
			containerPortal = ACE6294A1AFEBFFE00214D91 /* Project object */;
			proxyType = 1;
			remoteGlobalIDString = ACE629511AFEBFFE00214D91;
			remoteInfo = TaskIt;
		};
/* End PBXContainerItemProxy section */

/* Begin PBXFileReference section */
		ACD0D2051B032BA90013DAA3 /* Date.swift */ = {isa = PBXFileReference; fileEncoding = 4; lastKnownFileType = sourcecode.swift; path = Date.swift; sourceTree = "<group>"; };
		ACD0D2071B03D2D00013DAA3 /* AddTaskViewController.swift */ = {isa = PBXFileReference; fileEncoding = 4; lastKnownFileType = sourcecode.swift; path = AddTaskViewController.swift; sourceTree = "<group>"; };
		ACE629521AFEBFFE00214D91 /* TaskIt.app */ = {isa = PBXFileReference; explicitFileType = wrapper.application; includeInIndex = 0; path = TaskIt.app; sourceTree = BUILT_PRODUCTS_DIR; };
		ACE629561AFEBFFE00214D91 /* Info.plist */ = {isa = PBXFileReference; lastKnownFileType = text.plist.xml; path = Info.plist; sourceTree = "<group>"; };
		ACE629571AFEBFFE00214D91 /* AppDelegate.swift */ = {isa = PBXFileReference; lastKnownFileType = sourcecode.swift; path = AppDelegate.swift; sourceTree = "<group>"; };
		ACE629591AFEBFFE00214D91 /* ViewController.swift */ = {isa = PBXFileReference; lastKnownFileType = sourcecode.swift; path = ViewController.swift; sourceTree = "<group>"; };
		ACE6295C1AFEBFFE00214D91 /* Base */ = {isa = PBXFileReference; lastKnownFileType = file.storyboard; name = Base; path = Base.lproj/Main.storyboard; sourceTree = "<group>"; };
		ACE6295E1AFEBFFE00214D91 /* Images.xcassets */ = {isa = PBXFileReference; lastKnownFileType = folder.assetcatalog; path = Images.xcassets; sourceTree = "<group>"; };
		ACE629611AFEBFFE00214D91 /* Base */ = {isa = PBXFileReference; lastKnownFileType = file.xib; name = Base; path = Base.lproj/LaunchScreen.xib; sourceTree = "<group>"; };
		ACE629671AFEBFFE00214D91 /* TaskItTests.xctest */ = {isa = PBXFileReference; explicitFileType = wrapper.cfbundle; includeInIndex = 0; path = TaskItTests.xctest; sourceTree = BUILT_PRODUCTS_DIR; };
		ACE6296C1AFEBFFE00214D91 /* Info.plist */ = {isa = PBXFileReference; lastKnownFileType = text.plist.xml; path = Info.plist; sourceTree = "<group>"; };
		ACE6296D1AFEBFFE00214D91 /* TaskItTests.swift */ = {isa = PBXFileReference; lastKnownFileType = sourcecode.swift; path = TaskItTests.swift; sourceTree = "<group>"; };
		ACE629791AFF07A500214D91 /* TaskCell.swift */ = {isa = PBXFileReference; fileEncoding = 4; lastKnownFileType = sourcecode.swift; name = TaskCell.swift; path = ../TaskCell.swift; sourceTree = "<group>"; };
		ACE6297B1B0147E000214D91 /* TaskModel.swift */ = {isa = PBXFileReference; fileEncoding = 4; lastKnownFileType = sourcecode.swift; path = TaskModel.swift; sourceTree = "<group>"; };
		ACE6297D1B014AAC00214D91 /* TaskDetailViewController.swift */ = {isa = PBXFileReference; fileEncoding = 4; lastKnownFileType = sourcecode.swift; path = TaskDetailViewController.swift; sourceTree = "<group>"; };
/* End PBXFileReference section */

/* Begin PBXFrameworksBuildPhase section */
		ACE6294F1AFEBFFE00214D91 /* Frameworks */ = {
			isa = PBXFrameworksBuildPhase;
			buildActionMask = 2147483647;
			files = (
			);
			runOnlyForDeploymentPostprocessing = 0;
		};
		ACE629641AFEBFFE00214D91 /* Frameworks */ = {
			isa = PBXFrameworksBuildPhase;
			buildActionMask = 2147483647;
			files = (
			);
			runOnlyForDeploymentPostprocessing = 0;
		};
/* End PBXFrameworksBuildPhase section */

/* Begin PBXGroup section */
		ACE629491AFEBFFD00214D91 = {
			isa = PBXGroup;
			children = (
				ACE629541AFEBFFE00214D91 /* TaskIt */,
				ACE6296A1AFEBFFE00214D91 /* TaskItTests */,
				ACE629531AFEBFFE00214D91 /* Products */,
			);
			sourceTree = "<group>";
		};
		ACE629531AFEBFFE00214D91 /* Products */ = {
			isa = PBXGroup;
			children = (
				ACE629521AFEBFFE00214D91 /* TaskIt.app */,
				ACE629671AFEBFFE00214D91 /* TaskItTests.xctest */,
			);
			name = Products;
			sourceTree = "<group>";
		};
		ACE629541AFEBFFE00214D91 /* TaskIt */ = {
			isa = PBXGroup;
			children = (
				ACE629571AFEBFFE00214D91 /* AppDelegate.swift */,
				ACE629591AFEBFFE00214D91 /* ViewController.swift */,
				ACE6297D1B014AAC00214D91 /* TaskDetailViewController.swift */,
				ACD0D2071B03D2D00013DAA3 /* AddTaskViewController.swift */,
				ACE6297B1B0147E000214D91 /* TaskModel.swift */,
				ACD0D2051B032BA90013DAA3 /* Date.swift */,
				ACE629791AFF07A500214D91 /* TaskCell.swift */,
				ACE6295B1AFEBFFE00214D91 /* Main.storyboard */,
				ACE6295E1AFEBFFE00214D91 /* Images.xcassets */,
				ACE629601AFEBFFE00214D91 /* LaunchScreen.xib */,
				ACE629551AFEBFFE00214D91 /* Supporting Files */,
			);
			path = TaskIt;
			sourceTree = "<group>";
		};
		ACE629551AFEBFFE00214D91 /* Supporting Files */ = {
			isa = PBXGroup;
			children = (
				ACE629561AFEBFFE00214D91 /* Info.plist */,
			);
			name = "Supporting Files";
			sourceTree = "<group>";
		};
		ACE6296A1AFEBFFE00214D91 /* TaskItTests */ = {
			isa = PBXGroup;
			children = (
				ACE6296D1AFEBFFE00214D91 /* TaskItTests.swift */,
				ACE6296B1AFEBFFE00214D91 /* Supporting Files */,
			);
			path = TaskItTests;
			sourceTree = "<group>";
		};
		ACE6296B1AFEBFFE00214D91 /* Supporting Files */ = {
			isa = PBXGroup;
			children = (
				ACE6296C1AFEBFFE00214D91 /* Info.plist */,
			);
			name = "Supporting Files";
			sourceTree = "<group>";
		};
/* End PBXGroup section */

/* Begin PBXNativeTarget section */
		ACE629511AFEBFFE00214D91 /* TaskIt */ = {
			isa = PBXNativeTarget;
			buildConfigurationList = ACE629711AFEBFFE00214D91 /* Build configuration list for PBXNativeTarget "TaskIt" */;
			buildPhases = (
				ACE6294E1AFEBFFE00214D91 /* Sources */,
				ACE6294F1AFEBFFE00214D91 /* Frameworks */,
				ACE629501AFEBFFE00214D91 /* Resources */,
			);
			buildRules = (
			);
			dependencies = (
			);
			name = TaskIt;
			productName = TaskIt;
			productReference = ACE629521AFEBFFE00214D91 /* TaskIt.app */;
			productType = "com.apple.product-type.application";
		};
		ACE629661AFEBFFE00214D91 /* TaskItTests */ = {
			isa = PBXNativeTarget;
			buildConfigurationList = ACE629741AFEBFFE00214D91 /* Build configuration list for PBXNativeTarget "TaskItTests" */;
			buildPhases = (
				ACE629631AFEBFFE00214D91 /* Sources */,
				ACE629641AFEBFFE00214D91 /* Frameworks */,
				ACE629651AFEBFFE00214D91 /* Resources */,
			);
			buildRules = (
			);
			dependencies = (
				ACE629691AFEBFFE00214D91 /* PBXTargetDependency */,
			);
			name = TaskItTests;
			productName = TaskItTests;
			productReference = ACE629671AFEBFFE00214D91 /* TaskItTests.xctest */;
			productType = "com.apple.product-type.bundle.unit-test";
		};
/* End PBXNativeTarget section */

/* Begin PBXProject section */
		ACE6294A1AFEBFFE00214D91 /* Project object */ = {
			isa = PBXProject;
			attributes = {
				LastUpgradeCheck = 0620;
				ORGANIZATIONNAME = MichaelHester;
				TargetAttributes = {
					ACE629511AFEBFFE00214D91 = {
						CreatedOnToolsVersion = 6.2;
					};
					ACE629661AFEBFFE00214D91 = {
						CreatedOnToolsVersion = 6.2;
						TestTargetID = ACE629511AFEBFFE00214D91;
					};
				};
			};
			buildConfigurationList = ACE6294D1AFEBFFE00214D91 /* Build configuration list for PBXProject "TaskIt" */;
			compatibilityVersion = "Xcode 3.2";
			developmentRegion = English;
			hasScannedForEncodings = 0;
			knownRegions = (
				en,
				Base,
			);
			mainGroup = ACE629491AFEBFFD00214D91;
			productRefGroup = ACE629531AFEBFFE00214D91 /* Products */;
			projectDirPath = "";
			projectRoot = "";
			targets = (
				ACE629511AFEBFFE00214D91 /* TaskIt */,
				ACE629661AFEBFFE00214D91 /* TaskItTests */,
			);
		};
/* End PBXProject section */

/* Begin PBXResourcesBuildPhase section */
		ACE629501AFEBFFE00214D91 /* Resources */ = {
			isa = PBXResourcesBuildPhase;
			buildActionMask = 2147483647;
			files = (
				ACE6295D1AFEBFFE00214D91 /* Main.storyboard in Resources */,
				ACE629621AFEBFFE00214D91 /* LaunchScreen.xib in Resources */,
				ACE6295F1AFEBFFE00214D91 /* Images.xcassets in Resources */,
			);
			runOnlyForDeploymentPostprocessing = 0;
		};
		ACE629651AFEBFFE00214D91 /* Resources */ = {
			isa = PBXResourcesBuildPhase;
			buildActionMask = 2147483647;
			files = (
			);
			runOnlyForDeploymentPostprocessing = 0;
		};
/* End PBXResourcesBuildPhase section */

/* Begin PBXSourcesBuildPhase section */
		ACE6294E1AFEBFFE00214D91 /* Sources */ = {
			isa = PBXSourcesBuildPhase;
			buildActionMask = 2147483647;
			files = (
				ACE6295A1AFEBFFE00214D91 /* ViewController.swift in Sources */,
				ACD0D2061B032BA90013DAA3 /* Date.swift in Sources */,
				ACE6297A1AFF07A500214D91 /* TaskCell.swift in Sources */,
				ACE6297C1B0147E000214D91 /* TaskModel.swift in Sources */,
				ACE629581AFEBFFE00214D91 /* AppDelegate.swift in Sources */,
				ACE6297E1B014AAC00214D91 /* TaskDetailViewController.swift in Sources */,
				ACD0D2081B03D2D00013DAA3 /* AddTaskViewController.swift in Sources */,
			);
			runOnlyForDeploymentPostprocessing = 0;
		};
		ACE629631AFEBFFE00214D91 /* Sources */ = {
			isa = PBXSourcesBuildPhase;
			buildActionMask = 2147483647;
			files = (
				ACE6296E1AFEBFFE00214D91 /* TaskItTests.swift in Sources */,
			);
			runOnlyForDeploymentPostprocessing = 0;
		};
/* End PBXSourcesBuildPhase section */

/* Begin PBXTargetDependency section */
		ACE629691AFEBFFE00214D91 /* PBXTargetDependency */ = {
			isa = PBXTargetDependency;
			target = ACE629511AFEBFFE00214D91 /* TaskIt */;
			targetProxy = ACE629681AFEBFFE00214D91 /* PBXContainerItemProxy */;
		};
/* End PBXTargetDependency section */

/* Begin PBXVariantGroup section */
		ACE6295B1AFEBFFE00214D91 /* Main.storyboard */ = {
			isa = PBXVariantGroup;
			children = (
				ACE6295C1AFEBFFE00214D91 /* Base */,
			);
			name = Main.storyboard;
			sourceTree = "<group>";
		};
		ACE629601AFEBFFE00214D91 /* LaunchScreen.xib */ = {
			isa = PBXVariantGroup;
			children = (
				ACE629611AFEBFFE00214D91 /* Base */,
			);
			name = LaunchScreen.xib;
			sourceTree = "<group>";
		};
/* End PBXVariantGroup section */

/* Begin XCBuildConfiguration section */
		ACE6296F1AFEBFFE00214D91 /* Debug */ = {
			isa = XCBuildConfiguration;
			buildSettings = {
				ALWAYS_SEARCH_USER_PATHS = NO;
				CLANG_CXX_LANGUAGE_STANDARD = "gnu++0x";
				CLANG_CXX_LIBRARY = "libc++";
				CLANG_ENABLE_MODULES = YES;
				CLANG_ENABLE_OBJC_ARC = YES;
				CLANG_WARN_BOOL_CONVERSION = YES;
				CLANG_WARN_CONSTANT_CONVERSION = YES;
				CLANG_WARN_DIRECT_OBJC_ISA_USAGE = YES_ERROR;
				CLANG_WARN_EMPTY_BODY = YES;
				CLANG_WARN_ENUM_CONVERSION = YES;
				CLANG_WARN_INT_CONVERSION = YES;
				CLANG_WARN_OBJC_ROOT_CLASS = YES_ERROR;
				CLANG_WARN_UNREACHABLE_CODE = YES;
				CLANG_WARN__DUPLICATE_METHOD_MATCH = YES;
				"CODE_SIGN_IDENTITY[sdk=iphoneos*]" = "iPhone Developer";
				COPY_PHASE_STRIP = NO;
				ENABLE_STRICT_OBJC_MSGSEND = YES;
				GCC_C_LANGUAGE_STANDARD = gnu99;
				GCC_DYNAMIC_NO_PIC = NO;
				GCC_OPTIMIZATION_LEVEL = 0;
				GCC_PREPROCESSOR_DEFINITIONS = (
					"DEBUG=1",
					"$(inherited)",
				);
				GCC_SYMBOLS_PRIVATE_EXTERN = NO;
				GCC_WARN_64_TO_32_BIT_CONVERSION = YES;
				GCC_WARN_ABOUT_RETURN_TYPE = YES_ERROR;
				GCC_WARN_UNDECLARED_SELECTOR = YES;
				GCC_WARN_UNINITIALIZED_AUTOS = YES_AGGRESSIVE;
				GCC_WARN_UNUSED_FUNCTION = YES;
				GCC_WARN_UNUSED_VARIABLE = YES;
				IPHONEOS_DEPLOYMENT_TARGET = 8.2;
				MTL_ENABLE_DEBUG_INFO = YES;
				ONLY_ACTIVE_ARCH = YES;
				SDKROOT = iphoneos;
				SWIFT_OPTIMIZATION_LEVEL = "-Onone";
				TARGETED_DEVICE_FAMILY = "1,2";
			};
			name = Debug;
		};
		ACE629701AFEBFFE00214D91 /* Release */ = {
			isa = XCBuildConfiguration;
			buildSettings = {
				ALWAYS_SEARCH_USER_PATHS = NO;
				CLANG_CXX_LANGUAGE_STANDARD = "gnu++0x";
				CLANG_CXX_LIBRARY = "libc++";
				CLANG_ENABLE_MODULES = YES;
				CLANG_ENABLE_OBJC_ARC = YES;
				CLANG_WARN_BOOL_CONVERSION = YES;
				CLANG_WARN_CONSTANT_CONVERSION = YES;
				CLANG_WARN_DIRECT_OBJC_ISA_USAGE = YES_ERROR;
				CLANG_WARN_EMPTY_BODY = YES;
				CLANG_WARN_ENUM_CONVERSION = YES;
				CLANG_WARN_INT_CONVERSION = YES;
				CLANG_WARN_OBJC_ROOT_CLASS = YES_ERROR;
				CLANG_WARN_UNREACHABLE_CODE = YES;
				CLANG_WARN__DUPLICATE_METHOD_MATCH = YES;
				"CODE_SIGN_IDENTITY[sdk=iphoneos*]" = "iPhone Developer";
				COPY_PHASE_STRIP = NO;
				ENABLE_NS_ASSERTIONS = NO;
				ENABLE_STRICT_OBJC_MSGSEND = YES;
				GCC_C_LANGUAGE_STANDARD = gnu99;
				GCC_WARN_64_TO_32_BIT_CONVERSION = YES;
				GCC_WARN_ABOUT_RETURN_TYPE = YES_ERROR;
				GCC_WARN_UNDECLARED_SELECTOR = YES;
				GCC_WARN_UNINITIALIZED_AUTOS = YES_AGGRESSIVE;
				GCC_WARN_UNUSED_FUNCTION = YES;
				GCC_WARN_UNUSED_VARIABLE = YES;
				IPHONEOS_DEPLOYMENT_TARGET = 8.2;
				MTL_ENABLE_DEBUG_INFO = NO;
				SDKROOT = iphoneos;
				TARGETED_DEVICE_FAMILY = "1,2";
				VALIDATE_PRODUCT = YES;
			};
			name = Release;
		};
		ACE629721AFEBFFE00214D91 /* Debug */ = {
			isa = XCBuildConfiguration;
			buildSettings = {
				ASSETCATALOG_COMPILER_APPICON_NAME = AppIcon;
				INFOPLIST_FILE = TaskIt/Info.plist;
				LD_RUNPATH_SEARCH_PATHS = "$(inherited) @executable_path/Frameworks";
				PRODUCT_NAME = "$(TARGET_NAME)";
			};
			name = Debug;
		};
		ACE629731AFEBFFE00214D91 /* Release */ = {
			isa = XCBuildConfiguration;
			buildSettings = {
				ASSETCATALOG_COMPILER_APPICON_NAME = AppIcon;
				INFOPLIST_FILE = TaskIt/Info.plist;
				LD_RUNPATH_SEARCH_PATHS = "$(inherited) @executable_path/Frameworks";
				PRODUCT_NAME = "$(TARGET_NAME)";
			};
			name = Release;
		};
		ACE629751AFEBFFE00214D91 /* Debug */ = {
			isa = XCBuildConfiguration;
			buildSettings = {
				BUNDLE_LOADER = "$(TEST_HOST)";
				FRAMEWORK_SEARCH_PATHS = (
					"$(SDKROOT)/Developer/Library/Frameworks",
					"$(inherited)",
				);
				GCC_PREPROCESSOR_DEFINITIONS = (
					"DEBUG=1",
					"$(inherited)",
				);
				INFOPLIST_FILE = TaskItTests/Info.plist;
				LD_RUNPATH_SEARCH_PATHS = "$(inherited) @executable_path/Frameworks @loader_path/Frameworks";
				PRODUCT_NAME = "$(TARGET_NAME)";
				TEST_HOST = "$(BUILT_PRODUCTS_DIR)/TaskIt.app/TaskIt";
			};
			name = Debug;
		};
		ACE629761AFEBFFE00214D91 /* Release */ = {
			isa = XCBuildConfiguration;
			buildSettings = {
				BUNDLE_LOADER = "$(TEST_HOST)";
				FRAMEWORK_SEARCH_PATHS = (
					"$(SDKROOT)/Developer/Library/Frameworks",
					"$(inherited)",
				);
				INFOPLIST_FILE = TaskItTests/Info.plist;
				LD_RUNPATH_SEARCH_PATHS = "$(inherited) @executable_path/Frameworks @loader_path/Frameworks";
				PRODUCT_NAME = "$(TARGET_NAME)";
				TEST_HOST = "$(BUILT_PRODUCTS_DIR)/TaskIt.app/TaskIt";
			};
			name = Release;
		};
/* End XCBuildConfiguration section */

/* Begin XCConfigurationList section */
		ACE6294D1AFEBFFE00214D91 /* Build configuration list for PBXProject "TaskIt" */ = {
			isa = XCConfigurationList;
			buildConfigurations = (
				ACE6296F1AFEBFFE00214D91 /* Debug */,
				ACE629701AFEBFFE00214D91 /* Release */,
			);
			defaultConfigurationIsVisible = 0;
			defaultConfigurationName = Release;
		};
		ACE629711AFEBFFE00214D91 /* Build configuration list for PBXNativeTarget "TaskIt" */ = {
			isa = XCConfigurationList;
			buildConfigurations = (
				ACE629721AFEBFFE00214D91 /* Debug */,
				ACE629731AFEBFFE00214D91 /* Release */,
			);
			defaultConfigurationIsVisible = 0;
			defaultConfigurationName = Release;
		};
		ACE629741AFEBFFE00214D91 /* Build configuration list for PBXNativeTarget "TaskItTests" */ = {
			isa = XCConfigurationList;
			buildConfigurations = (
				ACE629751AFEBFFE00214D91 /* Debug */,
				ACE629761AFEBFFE00214D91 /* Release */,
			);
			defaultConfigurationIsVisible = 0;
			defaultConfigurationName = Release;
		};
/* End XCConfigurationList section */
	};
	rootObject = ACE6294A1AFEBFFE00214D91 /* Project object */;
}
